
Microsoft Visual Studio Solution File, Format Version 12.00
# Visual Studio Version 16
VisualStudioVersion = 16.0.29326.143
MinimumVisualStudioVersion = 10.0.40219.1
Project("{FAE04EC0-301F-11D3-BF4B-00C04F79EFBC}") = "FileOperations", "FileOperations\FileOperations.csproj", "{5FB0DDFB-2BE6-4A05-A19E-8A7D5EACB138}"
EndProject
Project("{FAE04EC0-301F-11D3-BF4B-00C04F79EFBC}") = "FileOperation.Core", "FileOperation.Core\FileOperation.Core.csproj", "{2230792F-2893-40DB-BB65-1B3542CF7B83}"
EndProject
Global
	GlobalSection(SolutionConfigurationPlatforms) = preSolution
		Debug|Any CPU = Debug|Any CPU
		Release|Any CPU = Release|Any CPU
	EndGlobalSection
	GlobalSection(ProjectConfigurationPlatforms) = postSolution
		{5FB0DDFB-2BE6-4A05-A19E-8A7D5EACB138}.Debug|Any CPU.ActiveCfg = Debug|Any CPU
		{5FB0DDFB-2BE6-4A05-A19E-8A7D5EACB138}.Debug|Any CPU.Build.0 = Debug|Any CPU
		{5FB0DDFB-2BE6-4A05-A19E-8A7D5EACB138}.Release|Any CPU.ActiveCfg = Release|Any CPU
		{5FB0DDFB-2BE6-4A05-A19E-8A7D5EACB138}.Release|Any CPU.Build.0 = Release|Any CPU
		{2230792F-2893-40DB-BB65-1B3542CF7B83}.Debug|Any CPU.ActiveCfg = Debug|Any CPU
		{2230792F-2893-40DB-BB65-1B3542CF7B83}.Debug|Any CPU.Build.0 = Debug|Any CPU
		{2230792F-2893-40DB-BB65-1B3542CF7B83}.Release|Any CPU.ActiveCfg = Release|Any CPU
		{2230792F-2893-40DB-BB65-1B3542CF7B83}.Release|Any CPU.Build.0 = Release|Any CPU
	EndGlobalSection
	GlobalSection(SolutionProperties) = preSolution
		HideSolutionNode = FALSE
	EndGlobalSection
	GlobalSection(ExtensibilityGlobals) = postSolution
		SolutionGuid = {4D4F91C1-47E4-4100-AFD3-619FD4CDB5F3}
	EndGlobalSection
EndGlobal
